
Microsoft Visual Studio Solution File, Format Version 12.00
# Visual Studio Version 17
VisualStudioVersion = 17.1.32210.238
MinimumVisualStudioVersion = 10.0.40219.1
Project("{FAE04EC0-301F-11D3-BF4B-00C04F79EFBC}") = "HarlinAceroWork", "HarlinAceroWork\HarlinAceroWork.csproj", "{938D7BD9-DA72-4A64-B04F-A04EFD899DCF}"
EndProject
Global
	GlobalSection(SolutionConfigurationPlatforms) = preSolution
		Debug|Any CPU = Debug|Any CPU
		Release|Any CPU = Release|Any CPU
	EndGlobalSection
	GlobalSection(ProjectConfigurationPlatforms) = postSolution
		{938D7BD9-DA72-4A64-B04F-A04EFD899DCF}.Debug|Any CPU.ActiveCfg = Debug|Any CPU
		{938D7BD9-DA72-4A64-B04F-A04EFD899DCF}.Debug|Any CPU.Build.0 = Debug|Any CPU
		{938D7BD9-DA72-4A64-B04F-A04EFD899DCF}.Release|Any CPU.ActiveCfg = Release|Any CPU
		{938D7BD9-DA72-4A64-B04F-A04EFD899DCF}.Release|Any CPU.Build.0 = Release|Any CPU
	EndGlobalSection
	GlobalSection(SolutionProperties) = preSolution
		HideSolutionNode = FALSE
	EndGlobalSection
	GlobalSection(ExtensibilityGlobals) = postSolution
		SolutionGuid = {32B4D02E-3EA4-4876-9CC4-595A3F2A1948}
	EndGlobalSection
EndGlobal
